
Microsoft Visual Studio Solution File, Format Version 12.00
Project("{FAE04EC0-301F-11D3-BF4B-00C04F79EFBC}") = "WarehouseMVC.Web", "WarehouseMVC.Web\WarehouseMVC.Web.csproj", "{9DFAFBF3-3BF7-40A2-834B-21E29426AA04}"
EndProject
Project("{2150E333-8FDC-42A3-9474-1A3956D46DE8}") = "Application", "Application", "{D1DAADC8-E584-42E7-BF60-DE06A0DDF9DE}"
EndProject
Project("{2150E333-8FDC-42A3-9474-1A3956D46DE8}") = "Domain", "Domain", "{FE343ABD-03E0-4803-A07B-8969FA35DC66}"
EndProject
Project("{2150E333-8FDC-42A3-9474-1A3956D46DE8}") = "Infrastructure", "Infrastructure", "{8C893396-269A-4354-9322-637E4BD9F481}"
EndProject
Project("{2150E333-8FDC-42A3-9474-1A3956D46DE8}") = "Test", "Test", "{541BAD7E-17F5-4B0F-BD89-44578AFF4EBA}"
EndProject
Project("{2150E333-8FDC-42A3-9474-1A3956D46DE8}") = "UI", "UI", "{A63E81C7-787E-4965-B8B3-8F370E158CCD}"
EndProject
Project("{FAE04EC0-301F-11D3-BF4B-00C04F79EFBC}") = "WarehouseMVC.Application", "WarehouseMVC.Application\WarehouseMVC.Application.csproj", "{0B517560-415E-4253-9CB0-5894441BE429}"
EndProject
Project("{FAE04EC0-301F-11D3-BF4B-00C04F79EFBC}") = "WarehouseMVC.Domain", "WarehouseMVC.Domain\WarehouseMVC.Domain.csproj", "{55E2A34C-592F-4CCE-86A9-54BB7FAA8A05}"
EndProject
Project("{FAE04EC0-301F-11D3-BF4B-00C04F79EFBC}") = "WarehouseMVC.Infrastructure", "WarehouseMVC.Infrastructure\WarehouseMVC.Infrastructure.csproj", "{76B90EFA-23C2-4B8A-AD7D-C0CA1B6E01DE}"
EndProject
Project("{FAE04EC0-301F-11D3-BF4B-00C04F79EFBC}") = "WarehouseMVC.Tests", "WarehouseMVC.Tests\WarehouseMVC.Tests.csproj", "{FD31521C-F8BD-44C0-B147-51A419FD624F}"
EndProject
Project("{FAE04EC0-301F-11D3-BF4B-00C04F79EFBC}") = "WarehouseApi", "WarehouseApi\WarehouseApi.csproj", "{538FDCF9-45D6-48C9-8E3E-A5875E93191B}"
EndProject
Global
	GlobalSection(SolutionConfigurationPlatforms) = preSolution
		Debug|Any CPU = Debug|Any CPU
		Release|Any CPU = Release|Any CPU
	EndGlobalSection
	GlobalSection(ProjectConfigurationPlatforms) = postSolution
		{9DFAFBF3-3BF7-40A2-834B-21E29426AA04}.Debug|Any CPU.ActiveCfg = Debug|Any CPU
		{9DFAFBF3-3BF7-40A2-834B-21E29426AA04}.Debug|Any CPU.Build.0 = Debug|Any CPU
		{9DFAFBF3-3BF7-40A2-834B-21E29426AA04}.Release|Any CPU.ActiveCfg = Release|Any CPU
		{9DFAFBF3-3BF7-40A2-834B-21E29426AA04}.Release|Any CPU.Build.0 = Release|Any CPU
		{0B517560-415E-4253-9CB0-5894441BE429}.Debug|Any CPU.ActiveCfg = Debug|Any CPU
		{0B517560-415E-4253-9CB0-5894441BE429}.Debug|Any CPU.Build.0 = Debug|Any CPU
		{0B517560-415E-4253-9CB0-5894441BE429}.Release|Any CPU.ActiveCfg = Release|Any CPU
		{0B517560-415E-4253-9CB0-5894441BE429}.Release|Any CPU.Build.0 = Release|Any CPU
		{55E2A34C-592F-4CCE-86A9-54BB7FAA8A05}.Debug|Any CPU.ActiveCfg = Debug|Any CPU
		{55E2A34C-592F-4CCE-86A9-54BB7FAA8A05}.Debug|Any CPU.Build.0 = Debug|Any CPU
		{55E2A34C-592F-4CCE-86A9-54BB7FAA8A05}.Release|Any CPU.ActiveCfg = Release|Any CPU
		{55E2A34C-592F-4CCE-86A9-54BB7FAA8A05}.Release|Any CPU.Build.0 = Release|Any CPU
		{76B90EFA-23C2-4B8A-AD7D-C0CA1B6E01DE}.Debug|Any CPU.ActiveCfg = Debug|Any CPU
		{76B90EFA-23C2-4B8A-AD7D-C0CA1B6E01DE}.Debug|Any CPU.Build.0 = Debug|Any CPU
		{76B90EFA-23C2-4B8A-AD7D-C0CA1B6E01DE}.Release|Any CPU.ActiveCfg = Release|Any CPU
		{76B90EFA-23C2-4B8A-AD7D-C0CA1B6E01DE}.Release|Any CPU.Build.0 = Release|Any CPU
		{FD31521C-F8BD-44C0-B147-51A419FD624F}.Debug|Any CPU.ActiveCfg = Debug|Any CPU
		{FD31521C-F8BD-44C0-B147-51A419FD624F}.Debug|Any CPU.Build.0 = Debug|Any CPU
		{FD31521C-F8BD-44C0-B147-51A419FD624F}.Release|Any CPU.ActiveCfg = Release|Any CPU
		{FD31521C-F8BD-44C0-B147-51A419FD624F}.Release|Any CPU.Build.0 = Release|Any CPU
		{538FDCF9-45D6-48C9-8E3E-A5875E93191B}.Debug|Any CPU.ActiveCfg = Debug|Any CPU
		{538FDCF9-45D6-48C9-8E3E-A5875E93191B}.Debug|Any CPU.Build.0 = Debug|Any CPU
		{538FDCF9-45D6-48C9-8E3E-A5875E93191B}.Release|Any CPU.ActiveCfg = Release|Any CPU
		{538FDCF9-45D6-48C9-8E3E-A5875E93191B}.Release|Any CPU.Build.0 = Release|Any CPU
	EndGlobalSection
	GlobalSection(NestedProjects) = preSolution
		{9DFAFBF3-3BF7-40A2-834B-21E29426AA04} = {A63E81C7-787E-4965-B8B3-8F370E158CCD}
		{0B517560-415E-4253-9CB0-5894441BE429} = {D1DAADC8-E584-42E7-BF60-DE06A0DDF9DE}
		{55E2A34C-592F-4CCE-86A9-54BB7FAA8A05} = {FE343ABD-03E0-4803-A07B-8969FA35DC66}
		{76B90EFA-23C2-4B8A-AD7D-C0CA1B6E01DE} = {8C893396-269A-4354-9322-637E4BD9F481}
		{FD31521C-F8BD-44C0-B147-51A419FD624F} = {541BAD7E-17F5-4B0F-BD89-44578AFF4EBA}
		{538FDCF9-45D6-48C9-8E3E-A5875E93191B} = {A63E81C7-787E-4965-B8B3-8F370E158CCD}
	EndGlobalSection
EndGlobal
